
Microsoft Visual Studio Solution File, Format Version 12.00
# Visual Studio Version 17
VisualStudioVersion = 17.10.35027.167
MinimumVisualStudioVersion = 10.0.40219.1
Project("{FAE04EC0-301F-11D3-BF4B-00C04F79EFBC}") = "Hafta4Kapanıs", "Hafta4Kapanıs\Hafta4Kapanıs.csproj", "{1DAF3608-35AC-45B2-AE40-19BA44EE3BA9}"
EndProject
Global
	GlobalSection(SolutionConfigurationPlatforms) = preSolution
		Debug|Any CPU = Debug|Any CPU
		Release|Any CPU = Release|Any CPU
	EndGlobalSection
	GlobalSection(ProjectConfigurationPlatforms) = postSolution
		{1DAF3608-35AC-45B2-AE40-19BA44EE3BA9}.Debug|Any CPU.ActiveCfg = Debug|Any CPU
		{1DAF3608-35AC-45B2-AE40-19BA44EE3BA9}.Debug|Any CPU.Build.0 = Debug|Any CPU
		{1DAF3608-35AC-45B2-AE40-19BA44EE3BA9}.Release|Any CPU.ActiveCfg = Release|Any CPU
		{1DAF3608-35AC-45B2-AE40-19BA44EE3BA9}.Release|Any CPU.Build.0 = Release|Any CPU
	EndGlobalSection
	GlobalSection(SolutionProperties) = preSolution
		HideSolutionNode = FALSE
	EndGlobalSection
	GlobalSection(ExtensibilityGlobals) = postSolution
		SolutionGuid = {FE1BD305-1C0B-4C4D-A893-D4FFA494CAFA}
	EndGlobalSection
EndGlobal
